
Microsoft Visual Studio Solution File, Format Version 12.00
# Visual Studio Version 16
VisualStudioVersion = 16.0.34031.81
MinimumVisualStudioVersion = 10.0.40219.1
Project("{2150E333-8FDC-42A3-9474-1A3956D46DE8}") = "Task0", "Task0", "{ECE66143-E15A-4FCE-AF2A-7ACCE4905B4A}"
EndProject
Project("{FAE04EC0-301F-11D3-BF4B-00C04F79EFBC}") = "Tyuiu.VelizhaninPI.Sprint2.Task0.V26", "Tyuiu.VelizhaninPI.Sprint2.Task0.V26\Tyuiu.VelizhaninPI.Sprint2.Task0.V26.csproj", "{920C9CEC-4B78-4F8E-86A9-13D05AFAE0B5}"
EndProject
Project("{FAE04EC0-301F-11D3-BF4B-00C04F79EFBC}") = "Tyuiu.VelizhaninPI.Sprint2.Task0.V26.Lib", "Tyuiu.VelizhaninPI.Sprint2.Task0.V26.Lib\Tyuiu.VelizhaninPI.Sprint2.Task0.V26.Lib.csproj", "{07033D13-7ABD-4104-A160-1BE85AE69BE0}"
EndProject
Project("{FAE04EC0-301F-11D3-BF4B-00C04F79EFBC}") = "Tyuiu.VelizhaninPI.Sprint2.Task0.V26.Test", "Tyuiu.VelizhaninPI.Sprint2.Task0.V26.Test\Tyuiu.VelizhaninPI.Sprint2.Task0.V26.Test.csproj", "{0422C32F-7573-46EC-9E2A-70AA0D1F92FC}"
EndProject
Global
	GlobalSection(SolutionConfigurationPlatforms) = preSolution
		Debug|Any CPU = Debug|Any CPU
		Release|Any CPU = Release|Any CPU
	EndGlobalSection
	GlobalSection(ProjectConfigurationPlatforms) = postSolution
		{920C9CEC-4B78-4F8E-86A9-13D05AFAE0B5}.Debug|Any CPU.ActiveCfg = Debug|Any CPU
		{920C9CEC-4B78-4F8E-86A9-13D05AFAE0B5}.Debug|Any CPU.Build.0 = Debug|Any CPU
		{920C9CEC-4B78-4F8E-86A9-13D05AFAE0B5}.Release|Any CPU.ActiveCfg = Release|Any CPU
		{920C9CEC-4B78-4F8E-86A9-13D05AFAE0B5}.Release|Any CPU.Build.0 = Release|Any CPU
		{07033D13-7ABD-4104-A160-1BE85AE69BE0}.Debug|Any CPU.ActiveCfg = Debug|Any CPU
		{07033D13-7ABD-4104-A160-1BE85AE69BE0}.Debug|Any CPU.Build.0 = Debug|Any CPU
		{07033D13-7ABD-4104-A160-1BE85AE69BE0}.Release|Any CPU.ActiveCfg = Release|Any CPU
		{07033D13-7ABD-4104-A160-1BE85AE69BE0}.Release|Any CPU.Build.0 = Release|Any CPU
		{0422C32F-7573-46EC-9E2A-70AA0D1F92FC}.Debug|Any CPU.ActiveCfg = Debug|Any CPU
		{0422C32F-7573-46EC-9E2A-70AA0D1F92FC}.Debug|Any CPU.Build.0 = Debug|Any CPU
		{0422C32F-7573-46EC-9E2A-70AA0D1F92FC}.Release|Any CPU.ActiveCfg = Release|Any CPU
		{0422C32F-7573-46EC-9E2A-70AA0D1F92FC}.Release|Any CPU.Build.0 = Release|Any CPU
	EndGlobalSection
	GlobalSection(SolutionProperties) = preSolution
		HideSolutionNode = FALSE
	EndGlobalSection
	GlobalSection(NestedProjects) = preSolution
		{920C9CEC-4B78-4F8E-86A9-13D05AFAE0B5} = {ECE66143-E15A-4FCE-AF2A-7ACCE4905B4A}
		{07033D13-7ABD-4104-A160-1BE85AE69BE0} = {ECE66143-E15A-4FCE-AF2A-7ACCE4905B4A}
		{0422C32F-7573-46EC-9E2A-70AA0D1F92FC} = {ECE66143-E15A-4FCE-AF2A-7ACCE4905B4A}
	EndGlobalSection
	GlobalSection(ExtensibilityGlobals) = postSolution
		SolutionGuid = {73A46595-9FD2-4B21-BB1B-1C466178F054}
	EndGlobalSection
EndGlobal
