
Microsoft Visual Studio Solution File, Format Version 12.00
# Visual Studio Version 16
VisualStudioVersion = 16.0.34031.81
MinimumVisualStudioVersion = 10.0.40219.1
Project("{2150E333-8FDC-42A3-9474-1A3956D46DE8}") = "Task0", "Task0", "{ECE66143-E15A-4FCE-AF2A-7ACCE4905B4A}"
EndProject
Project("{FAE04EC0-301F-11D3-BF4B-00C04F79EFBC}") = "Tyuiu.VelizhaninPI.Sprint2.Task0.V26", "Tyuiu.VelizhaninPI.Sprint2.Task0.V26\Tyuiu.VelizhaninPI.Sprint2.Task0.V26.csproj", "{920C9CEC-4B78-4F8E-86A9-13D05AFAE0B5}"
EndProject
Project("{FAE04EC0-301F-11D3-BF4B-00C04F79EFBC}") = "Tyuiu.VelizhaninPI.Sprint2.Task0.V26.Lib", "Tyuiu.VelizhaninPI.Sprint2.Task0.V26.Lib\Tyuiu.VelizhaninPI.Sprint2.Task0.V26.Lib.csproj", "{07033D13-7ABD-4104-A160-1BE85AE69BE0}"
EndProject
Project("{FAE04EC0-301F-11D3-BF4B-00C04F79EFBC}") = "Tyuiu.VelizhaninPI.Sprint2.Task0.V26.Test", "Tyuiu.VelizhaninPI.Sprint2.Task0.V26.Test\Tyuiu.VelizhaninPI.Sprint2.Task0.V26.Test.csproj", "{0422C32F-7573-46EC-9E2A-70AA0D1F92FC}"
EndProject
Project("{2150E333-8FDC-42A3-9474-1A3956D46DE8}") = "Task1", "Task1", "{C7029EE6-4724-4C2C-91EA-DDCD503C1A0F}"
EndProject
Project("{FAE04EC0-301F-11D3-BF4B-00C04F79EFBC}") = "Tyuiu.VelizhaninPI.Sprint2.Task1.V2", "Tyuiu.VelizhaninPI.Sprint2.Task1.V2\Tyuiu.VelizhaninPI.Sprint2.Task1.V2.csproj", "{E116C5BA-23F1-4846-81C9-3C1E9A6BD3C2}"
EndProject
Project("{FAE04EC0-301F-11D3-BF4B-00C04F79EFBC}") = "Tyuiu.VelizhaninPI.Sprint2.Task1.V2.Lib", "Tyuiu.VelizhaninPI.Sprint2.Task1.V2.Lib\Tyuiu.VelizhaninPI.Sprint2.Task1.V2.Lib.csproj", "{E014420F-66EE-485A-A9CE-DAAE6F6409C8}"
EndProject
Project("{FAE04EC0-301F-11D3-BF4B-00C04F79EFBC}") = "Tyuiu.VelizhaninPI.Sprint2.Task1.V2.Test", "Tyuiu.VelizhaninPI.Sprint2.Task1.V2.Test\Tyuiu.VelizhaninPI.Sprint2.Task1.V2.Test.csproj", "{64711A91-223A-4E7E-B551-AAF85B7EDC35}"
EndProject
Project("{2150E333-8FDC-42A3-9474-1A3956D46DE8}") = "Task2", "Task2", "{351D124A-20C8-46BB-AFCF-42D37964169F}"
EndProject
Project("{FAE04EC0-301F-11D3-BF4B-00C04F79EFBC}") = "Tyuiu.VelizhaninPI.Sprint2.Task2.V17", "Tyuiu.VelizhaninPI.Sprint2.Task2.V17\Tyuiu.VelizhaninPI.Sprint2.Task2.V17.csproj", "{AE2F6F6E-3EDE-44AE-9B34-ED114D57B2C0}"
EndProject
Project("{FAE04EC0-301F-11D3-BF4B-00C04F79EFBC}") = "Tyuiu.VelizhaninPI.Sprint2.Task2.V17.Lib", "Tyuiu.VelizhaninPI.Sprint2.Task2.V17.Lib\Tyuiu.VelizhaninPI.Sprint2.Task2.V17.Lib.csproj", "{7CAAF361-2075-4ACD-A653-7A5E21260BB7}"
EndProject
Project("{FAE04EC0-301F-11D3-BF4B-00C04F79EFBC}") = "Tyuiu.VelizhaninPI.Sprint2.Task2.V17.Test", "Tyuiu.VelizhaninPI.Sprint2.Task2.V17.Test\Tyuiu.VelizhaninPI.Sprint2.Task2.V17.Test.csproj", "{E2BD6907-6FF7-4356-994A-F87AE9AF5AD9}"
EndProject
Project("{2150E333-8FDC-42A3-9474-1A3956D46DE8}") = "Task3", "Task3", "{D83D224F-FFD8-4A7C-88DE-527F9EDE19DC}"
EndProject
Project("{FAE04EC0-301F-11D3-BF4B-00C04F79EFBC}") = "Tyuiu.VelizhaninPI.Sprint2.Task3.V10", "Tyuiu.VelizhaninPI.Sprint2.Task3.V10\Tyuiu.VelizhaninPI.Sprint2.Task3.V10.csproj", "{F774C0ED-C951-47A4-942C-3B6548E1D28E}"
EndProject
Project("{FAE04EC0-301F-11D3-BF4B-00C04F79EFBC}") = "Tyuiu.VelizhaninPI.Sprint2.Task3.V10.Lib", "Tyuiu.VelizhaninPI.Sprint2.Task3.V10.Lib\Tyuiu.VelizhaninPI.Sprint2.Task3.V10.Lib.csproj", "{5A7302C9-8580-4D54-A13F-23BEEFEAA657}"
EndProject
Project("{FAE04EC0-301F-11D3-BF4B-00C04F79EFBC}") = "Tyuiu.VelizhaninPI.Sprint2.Task3.V10.Test", "Tyuiu.VelizhaninPI.Sprint2.Task3.V10.Test\Tyuiu.VelizhaninPI.Sprint2.Task3.V10.Test.csproj", "{07E9A56C-E6A9-4591-AB34-AA790D7555F1}"
EndProject
Global
	GlobalSection(SolutionConfigurationPlatforms) = preSolution
		Debug|Any CPU = Debug|Any CPU
		Release|Any CPU = Release|Any CPU
	EndGlobalSection
	GlobalSection(ProjectConfigurationPlatforms) = postSolution
		{920C9CEC-4B78-4F8E-86A9-13D05AFAE0B5}.Debug|Any CPU.ActiveCfg = Debug|Any CPU
		{920C9CEC-4B78-4F8E-86A9-13D05AFAE0B5}.Debug|Any CPU.Build.0 = Debug|Any CPU
		{920C9CEC-4B78-4F8E-86A9-13D05AFAE0B5}.Release|Any CPU.ActiveCfg = Release|Any CPU
		{920C9CEC-4B78-4F8E-86A9-13D05AFAE0B5}.Release|Any CPU.Build.0 = Release|Any CPU
		{07033D13-7ABD-4104-A160-1BE85AE69BE0}.Debug|Any CPU.ActiveCfg = Debug|Any CPU
		{07033D13-7ABD-4104-A160-1BE85AE69BE0}.Debug|Any CPU.Build.0 = Debug|Any CPU
		{07033D13-7ABD-4104-A160-1BE85AE69BE0}.Release|Any CPU.ActiveCfg = Release|Any CPU
		{07033D13-7ABD-4104-A160-1BE85AE69BE0}.Release|Any CPU.Build.0 = Release|Any CPU
		{0422C32F-7573-46EC-9E2A-70AA0D1F92FC}.Debug|Any CPU.ActiveCfg = Debug|Any CPU
		{0422C32F-7573-46EC-9E2A-70AA0D1F92FC}.Debug|Any CPU.Build.0 = Debug|Any CPU
		{0422C32F-7573-46EC-9E2A-70AA0D1F92FC}.Release|Any CPU.ActiveCfg = Release|Any CPU
		{0422C32F-7573-46EC-9E2A-70AA0D1F92FC}.Release|Any CPU.Build.0 = Release|Any CPU
		{E116C5BA-23F1-4846-81C9-3C1E9A6BD3C2}.Debug|Any CPU.ActiveCfg = Debug|Any CPU
		{E116C5BA-23F1-4846-81C9-3C1E9A6BD3C2}.Debug|Any CPU.Build.0 = Debug|Any CPU
		{E116C5BA-23F1-4846-81C9-3C1E9A6BD3C2}.Release|Any CPU.ActiveCfg = Release|Any CPU
		{E116C5BA-23F1-4846-81C9-3C1E9A6BD3C2}.Release|Any CPU.Build.0 = Release|Any CPU
		{E014420F-66EE-485A-A9CE-DAAE6F6409C8}.Debug|Any CPU.ActiveCfg = Debug|Any CPU
		{E014420F-66EE-485A-A9CE-DAAE6F6409C8}.Debug|Any CPU.Build.0 = Debug|Any CPU
		{E014420F-66EE-485A-A9CE-DAAE6F6409C8}.Release|Any CPU.ActiveCfg = Release|Any CPU
		{E014420F-66EE-485A-A9CE-DAAE6F6409C8}.Release|Any CPU.Build.0 = Release|Any CPU
		{64711A91-223A-4E7E-B551-AAF85B7EDC35}.Debug|Any CPU.ActiveCfg = Debug|Any CPU
		{64711A91-223A-4E7E-B551-AAF85B7EDC35}.Debug|Any CPU.Build.0 = Debug|Any CPU
		{64711A91-223A-4E7E-B551-AAF85B7EDC35}.Release|Any CPU.ActiveCfg = Release|Any CPU
		{64711A91-223A-4E7E-B551-AAF85B7EDC35}.Release|Any CPU.Build.0 = Release|Any CPU
		{AE2F6F6E-3EDE-44AE-9B34-ED114D57B2C0}.Debug|Any CPU.ActiveCfg = Debug|Any CPU
		{AE2F6F6E-3EDE-44AE-9B34-ED114D57B2C0}.Debug|Any CPU.Build.0 = Debug|Any CPU
		{AE2F6F6E-3EDE-44AE-9B34-ED114D57B2C0}.Release|Any CPU.ActiveCfg = Release|Any CPU
		{AE2F6F6E-3EDE-44AE-9B34-ED114D57B2C0}.Release|Any CPU.Build.0 = Release|Any CPU
		{7CAAF361-2075-4ACD-A653-7A5E21260BB7}.Debug|Any CPU.ActiveCfg = Debug|Any CPU
		{7CAAF361-2075-4ACD-A653-7A5E21260BB7}.Debug|Any CPU.Build.0 = Debug|Any CPU
		{7CAAF361-2075-4ACD-A653-7A5E21260BB7}.Release|Any CPU.ActiveCfg = Release|Any CPU
		{7CAAF361-2075-4ACD-A653-7A5E21260BB7}.Release|Any CPU.Build.0 = Release|Any CPU
		{E2BD6907-6FF7-4356-994A-F87AE9AF5AD9}.Debug|Any CPU.ActiveCfg = Debug|Any CPU
		{E2BD6907-6FF7-4356-994A-F87AE9AF5AD9}.Debug|Any CPU.Build.0 = Debug|Any CPU
		{E2BD6907-6FF7-4356-994A-F87AE9AF5AD9}.Release|Any CPU.ActiveCfg = Release|Any CPU
		{E2BD6907-6FF7-4356-994A-F87AE9AF5AD9}.Release|Any CPU.Build.0 = Release|Any CPU
		{F774C0ED-C951-47A4-942C-3B6548E1D28E}.Debug|Any CPU.ActiveCfg = Debug|Any CPU
		{F774C0ED-C951-47A4-942C-3B6548E1D28E}.Debug|Any CPU.Build.0 = Debug|Any CPU
		{F774C0ED-C951-47A4-942C-3B6548E1D28E}.Release|Any CPU.ActiveCfg = Release|Any CPU
		{F774C0ED-C951-47A4-942C-3B6548E1D28E}.Release|Any CPU.Build.0 = Release|Any CPU
		{5A7302C9-8580-4D54-A13F-23BEEFEAA657}.Debug|Any CPU.ActiveCfg = Debug|Any CPU
		{5A7302C9-8580-4D54-A13F-23BEEFEAA657}.Debug|Any CPU.Build.0 = Debug|Any CPU
		{5A7302C9-8580-4D54-A13F-23BEEFEAA657}.Release|Any CPU.ActiveCfg = Release|Any CPU
		{5A7302C9-8580-4D54-A13F-23BEEFEAA657}.Release|Any CPU.Build.0 = Release|Any CPU
		{07E9A56C-E6A9-4591-AB34-AA790D7555F1}.Debug|Any CPU.ActiveCfg = Debug|Any CPU
		{07E9A56C-E6A9-4591-AB34-AA790D7555F1}.Debug|Any CPU.Build.0 = Debug|Any CPU
		{07E9A56C-E6A9-4591-AB34-AA790D7555F1}.Release|Any CPU.ActiveCfg = Release|Any CPU
		{07E9A56C-E6A9-4591-AB34-AA790D7555F1}.Release|Any CPU.Build.0 = Release|Any CPU
	EndGlobalSection
	GlobalSection(SolutionProperties) = preSolution
		HideSolutionNode = FALSE
	EndGlobalSection
	GlobalSection(NestedProjects) = preSolution
		{920C9CEC-4B78-4F8E-86A9-13D05AFAE0B5} = {ECE66143-E15A-4FCE-AF2A-7ACCE4905B4A}
		{07033D13-7ABD-4104-A160-1BE85AE69BE0} = {ECE66143-E15A-4FCE-AF2A-7ACCE4905B4A}
		{0422C32F-7573-46EC-9E2A-70AA0D1F92FC} = {ECE66143-E15A-4FCE-AF2A-7ACCE4905B4A}
		{E116C5BA-23F1-4846-81C9-3C1E9A6BD3C2} = {C7029EE6-4724-4C2C-91EA-DDCD503C1A0F}
		{E014420F-66EE-485A-A9CE-DAAE6F6409C8} = {C7029EE6-4724-4C2C-91EA-DDCD503C1A0F}
		{64711A91-223A-4E7E-B551-AAF85B7EDC35} = {C7029EE6-4724-4C2C-91EA-DDCD503C1A0F}
		{AE2F6F6E-3EDE-44AE-9B34-ED114D57B2C0} = {351D124A-20C8-46BB-AFCF-42D37964169F}
		{7CAAF361-2075-4ACD-A653-7A5E21260BB7} = {351D124A-20C8-46BB-AFCF-42D37964169F}
		{E2BD6907-6FF7-4356-994A-F87AE9AF5AD9} = {351D124A-20C8-46BB-AFCF-42D37964169F}
		{F774C0ED-C951-47A4-942C-3B6548E1D28E} = {D83D224F-FFD8-4A7C-88DE-527F9EDE19DC}
		{5A7302C9-8580-4D54-A13F-23BEEFEAA657} = {D83D224F-FFD8-4A7C-88DE-527F9EDE19DC}
		{07E9A56C-E6A9-4591-AB34-AA790D7555F1} = {D83D224F-FFD8-4A7C-88DE-527F9EDE19DC}
	EndGlobalSection
	GlobalSection(ExtensibilityGlobals) = postSolution
		SolutionGuid = {73A46595-9FD2-4B21-BB1B-1C466178F054}
	EndGlobalSection
EndGlobal
